
Microsoft Visual Studio Solution File, Format Version 12.00
# Visual Studio Version 16
VisualStudioVersion = 16.0.31624.102
MinimumVisualStudioVersion = 10.0.40219.1
Project("{FAE04EC0-301F-11D3-BF4B-00C04F79EFBC}") = "Ado_Net_Demo", "Ado_Net_Demo\Ado_Net_Demo.csproj", "{02394D4E-5E33-4610-853C-8CD121824F2C}"
EndProject
Global
	GlobalSection(SolutionConfigurationPlatforms) = preSolution
		Debug|Any CPU = Debug|Any CPU
		Release|Any CPU = Release|Any CPU
	EndGlobalSection
	GlobalSection(ProjectConfigurationPlatforms) = postSolution
		{02394D4E-5E33-4610-853C-8CD121824F2C}.Debug|Any CPU.ActiveCfg = Debug|Any CPU
		{02394D4E-5E33-4610-853C-8CD121824F2C}.Debug|Any CPU.Build.0 = Debug|Any CPU
		{02394D4E-5E33-4610-853C-8CD121824F2C}.Release|Any CPU.ActiveCfg = Release|Any CPU
		{02394D4E-5E33-4610-853C-8CD121824F2C}.Release|Any CPU.Build.0 = Release|Any CPU
	EndGlobalSection
	GlobalSection(SolutionProperties) = preSolution
		HideSolutionNode = FALSE
	EndGlobalSection
	GlobalSection(ExtensibilityGlobals) = postSolution
		SolutionGuid = {997D1351-D022-43FB-98FD-3CFFDCA00813}
	EndGlobalSection
EndGlobal
